
Microsoft Visual Studio Solution File, Format Version 12.00
# Visual Studio Version 17
VisualStudioVersion = 17.9.34714.143
MinimumVisualStudioVersion = 10.0.40219.1
Project("{9A19103F-16F7-4668-BE54-9A1E7A4F7556}") = "LittlePetAPI", "PrimeiraAPI\LittlePetAPI.csproj", "{D74E0E51-872B-4C56-BFE9-23201CE54288}"
EndProject
Global
	GlobalSection(SolutionConfigurationPlatforms) = preSolution
		Debug|Any CPU = Debug|Any CPU
		Release|Any CPU = Release|Any CPU
	EndGlobalSection
	GlobalSection(ProjectConfigurationPlatforms) = postSolution
		{D74E0E51-872B-4C56-BFE9-23201CE54288}.Debug|Any CPU.ActiveCfg = Debug|Any CPU
		{D74E0E51-872B-4C56-BFE9-23201CE54288}.Debug|Any CPU.Build.0 = Debug|Any CPU
		{D74E0E51-872B-4C56-BFE9-23201CE54288}.Release|Any CPU.ActiveCfg = Release|Any CPU
		{D74E0E51-872B-4C56-BFE9-23201CE54288}.Release|Any CPU.Build.0 = Release|Any CPU
	EndGlobalSection
	GlobalSection(SolutionProperties) = preSolution
		HideSolutionNode = FALSE
	EndGlobalSection
	GlobalSection(ExtensibilityGlobals) = postSolution
		SolutionGuid = {5B6243FF-0989-4B1E-9378-CFE943DB272F}
	EndGlobalSection
EndGlobal
